// !$*UTF8*$!
{
	archiveVersion = 1;
	classes = {
	};
	objectVersion = 50;
	objects = {

/* Begin PBXBuildFile section */
		A4652DD92346609C0027F259 /* AppDelegate.swift in Sources */ = {isa = PBXBuildFile; fileRef = A4652DD82346609C0027F259 /* AppDelegate.swift */; };
		A4652DDB2346609C0027F259 /* SceneDelegate.swift in Sources */ = {isa = PBXBuildFile; fileRef = A4652DDA2346609C0027F259 /* SceneDelegate.swift */; };
		A4652DDD2346609C0027F259 /* ViewController.swift in Sources */ = {isa = PBXBuildFile; fileRef = A4652DDC2346609C0027F259 /* ViewController.swift */; };
		A4652DE02346609C0027F259 /* Main.storyboard in Resources */ = {isa = PBXBuildFile; fileRef = A4652DDE2346609C0027F259 /* Main.storyboard */; };
		A4652DE22346609D0027F259 /* Assets.xcassets in Resources */ = {isa = PBXBuildFile; fileRef = A4652DE12346609D0027F259 /* Assets.xcassets */; };
		A4652DE52346609D0027F259 /* LaunchScreen.storyboard in Resources */ = {isa = PBXBuildFile; fileRef = A4652DE32346609D0027F259 /* LaunchScreen.storyboard */; };
		A4652DEF2346669C0027F259 /* ImageDownloader.swift in Sources */ = {isa = PBXBuildFile; fileRef = A4652DEE2346669C0027F259 /* ImageDownloader.swift */; };
/* End PBXBuildFile section */

/* Begin PBXFileReference section */
		A4652DD52346609C0027F259 /* Delegate_Example_1.app */ = {isa = PBXFileReference; explicitFileType = wrapper.application; includeInIndex = 0; path = Delegate_Example_1.app; sourceTree = BUILT_PRODUCTS_DIR; };
		A4652DD82346609C0027F259 /* AppDelegate.swift */ = {isa = PBXFileReference; lastKnownFileType = sourcecode.swift; path = AppDelegate.swift; sourceTree = "<group>"; };
		A4652DDA2346609C0027F259 /* SceneDelegate.swift */ = {isa = PBXFileReference; lastKnownFileType = sourcecode.swift; path = SceneDelegate.swift; sourceTree = "<group>"; };
		A4652DDC2346609C0027F259 /* ViewController.swift */ = {isa = PBXFileReference; lastKnownFileType = sourcecode.swift; path = ViewController.swift; sourceTree = "<group>"; };
		A4652DDF2346609C0027F259 /* Base */ = {isa = PBXFileReference; lastKnownFileType = file.storyboard; name = Base; path = Base.lproj/Main.storyboard; sourceTree = "<group>"; };
		A4652DE12346609D0027F259 /* Assets.xcassets */ = {isa = PBXFileReference; lastKnownFileType = folder.assetcatalog; path = Assets.xcassets; sourceTree = "<group>"; };
		A4652DE42346609D0027F259 /* Base */ = {isa = PBXFileReference; lastKnownFileType = file.storyboard; name = Base; path = Base.lproj/LaunchScreen.storyboard; sourceTree = "<group>"; };
		A4652DE62346609D0027F259 /* Info.plist */ = {isa = PBXFileReference; lastKnownFileType = text.plist.xml; path = Info.plist; sourceTree = "<group>"; };
		A4652DEE2346669C0027F259 /* ImageDownloader.swift */ = {isa = PBXFileReference; lastKnownFileType = sourcecode.swift; path = ImageDownloader.swift; sourceTree = "<group>"; };
/* End PBXFileReference section */

/* Begin PBXFrameworksBuildPhase section */
		A4652DD22346609C0027F259 /* Frameworks */ = {
			isa = PBXFrameworksBuildPhase;
			buildActionMask = 2147483647;
			files = (
			);
			runOnlyForDeploymentPostprocessing = 0;
		};
/* End PBXFrameworksBuildPhase section */

/* Begin PBXGroup section */
		A4652DCC2346609C0027F259 = {
			isa = PBXGroup;
			children = (
				A4652DD72346609C0027F259 /* Delegate_Example_1 */,
				A4652DD62346609C0027F259 /* Products */,
			);
			sourceTree = "<group>";
		};
		A4652DD62346609C0027F259 /* Products */ = {
			isa = PBXGroup;
			children = (
				A4652DD52346609C0027F259 /* Delegate_Example_1.app */,
			);
			name = Products;
			sourceTree = "<group>";
		};
		A4652DD72346609C0027F259 /* Delegate_Example_1 */ = {
			isa = PBXGroup;
			children = (
				A4652DD82346609C0027F259 /* AppDelegate.swift */,
				A4652DEE2346669C0027F259 /* ImageDownloader.swift */,
				A4652DDA2346609C0027F259 /* SceneDelegate.swift */,
				A4652DDC2346609C0027F259 /* ViewController.swift */,
				A4652DDE2346609C0027F259 /* Main.storyboard */,
				A4652DE12346609D0027F259 /* Assets.xcassets */,
				A4652DE32346609D0027F259 /* LaunchScreen.storyboard */,
				A4652DE62346609D0027F259 /* Info.plist */,
			);
			path = Delegate_Example_1;
			sourceTree = "<group>";
		};
/* End PBXGroup section */

/* Begin PBXNativeTarget section */
		A4652DD42346609C0027F259 /* Delegate_Example_1 */ = {
			isa = PBXNativeTarget;
			buildConfigurationList = A4652DE92346609D0027F259 /* Build configuration list for PBXNativeTarget "Delegate_Example_1" */;
			buildPhases = (
				A4652DD12346609C0027F259 /* Sources */,
				A4652DD22346609C0027F259 /* Frameworks */,
				A4652DD32346609C0027F259 /* Resources */,
			);
			buildRules = (
			);
			dependencies = (
			);
			name = Delegate_Example_1;
			productName = Delegate_Example_1;
			productReference = A4652DD52346609C0027F259 /* Delegate_Example_1.app */;
			productType = "com.apple.product-type.application";
		};
/* End PBXNativeTarget section */

/* Begin PBXProject section */
		A4652DCD2346609C0027F259 /* Project object */ = {
			isa = PBXProject;
			attributes = {
				LastSwiftUpdateCheck = 1100;
				LastUpgradeCheck = 1100;
				ORGANIZATIONNAME = LucasCosta;
				TargetAttributes = {
					A4652DD42346609C0027F259 = {
						CreatedOnToolsVersion = 11.0;
					};
				};
			};
			buildConfigurationList = A4652DD02346609C0027F259 /* Build configuration list for PBXProject "Delegate_Example_1" */;
			compatibilityVersion = "Xcode 9.3";
			developmentRegion = en;
			hasScannedForEncodings = 0;
			knownRegions = (
				en,
				Base,
			);
			mainGroup = A4652DCC2346609C0027F259;
			productRefGroup = A4652DD62346609C0027F259 /* Products */;
			projectDirPath = "";
			projectRoot = "";
			targets = (
				A4652DD42346609C0027F259 /* Delegate_Example_1 */,
			);
		};
/* End PBXProject section */

/* Begin PBXResourcesBuildPhase section */
		A4652DD32346609C0027F259 /* Resources */ = {
			isa = PBXResourcesBuildPhase;
			buildActionMask = 2147483647;
			files = (
				A4652DE52346609D0027F259 /* LaunchScreen.storyboard in Resources */,
				A4652DE22346609D0027F259 /* Assets.xcassets in Resources */,
				A4652DE02346609C0027F259 /* Main.storyboard in Resources */,
			);
			runOnlyForDeploymentPostprocessing = 0;
		};
/* End PBXResourcesBuildPhase section */

/* Begin PBXSourcesBuildPhase section */
		A4652DD12346609C0027F259 /* Sources */ = {
			isa = PBXSourcesBuildPhase;
			buildActionMask = 2147483647;
			files = (
				A4652DDD2346609C0027F259 /* ViewController.swift in Sources */,
				A4652DD92346609C0027F259 /* AppDelegate.swift in Sources */,
				A4652DDB2346609C0027F259 /* SceneDelegate.swift in Sources */,
				A4652DEF2346669C0027F259 /* ImageDownloader.swift in Sources */,
			);
			runOnlyForDeploymentPostprocessing = 0;
		};
/* End PBXSourcesBuildPhase section */

/* Begin PBXVariantGroup section */
		A4652DDE2346609C0027F259 /* Main.storyboard */ = {
			isa = PBXVariantGroup;
			children = (
				A4652DDF2346609C0027F259 /* Base */,
			);
			name = Main.storyboard;
			sourceTree = "<group>";
		};
		A4652DE32346609D0027F259 /* LaunchScreen.storyboard */ = {
			isa = PBXVariantGroup;
			children = (
				A4652DE42346609D0027F259 /* Base */,
			);
			name = LaunchScreen.storyboard;
			sourceTree = "<group>";
		};
/* End PBXVariantGroup section */

/* Begin XCBuildConfiguration section */
		A4652DE72346609D0027F259 /* Debug */ = {
			isa = XCBuildConfiguration;
			buildSettings = {
				ALWAYS_SEARCH_USER_PATHS = NO;
				CLANG_ANALYZER_NONNULL = YES;
				CLANG_ANALYZER_NUMBER_OBJECT_CONVERSION = YES_AGGRESSIVE;
				CLANG_CXX_LANGUAGE_STANDARD = "gnu++14";
				CLANG_CXX_LIBRARY = "libc++";
				CLANG_ENABLE_MODULES = YES;
				CLANG_ENABLE_OBJC_ARC = YES;
				CLANG_ENABLE_OBJC_WEAK = YES;
				CLANG_WARN_BLOCK_CAPTURE_AUTORELEASING = YES;
				CLANG_WARN_BOOL_CONVERSION = YES;
				CLANG_WARN_COMMA = YES;
				CLANG_WARN_CONSTANT_CONVERSION = YES;
				CLANG_WARN_DEPRECATED_OBJC_IMPLEMENTATIONS = YES;
				CLANG_WARN_DIRECT_OBJC_ISA_USAGE = YES_ERROR;
				CLANG_WARN_DOCUMENTATION_COMMENTS = YES;
				CLANG_WARN_EMPTY_BODY = YES;
				CLANG_WARN_ENUM_CONVERSION = YES;
				CLANG_WARN_INFINITE_RECURSION = YES;
				CLANG_WARN_INT_CONVERSION = YES;
				CLANG_WARN_NON_LITERAL_NULL_CONVERSION = YES;
				CLANG_WARN_OBJC_IMPLICIT_RETAIN_SELF = YES;
				CLANG_WARN_OBJC_LITERAL_CONVERSION = YES;
				CLANG_WARN_OBJC_ROOT_CLASS = YES_ERROR;
				CLANG_WARN_RANGE_LOOP_ANALYSIS = YES;
				CLANG_WARN_STRICT_PROTOTYPES = YES;
				CLANG_WARN_SUSPICIOUS_MOVE = YES;
				CLANG_WARN_UNGUARDED_AVAILABILITY = YES_AGGRESSIVE;
				CLANG_WARN_UNREACHABLE_CODE = YES;
				CLANG_WARN__DUPLICATE_METHOD_MATCH = YES;
				COPY_PHASE_STRIP = NO;
				DEBUG_INFORMATION_FORMAT = dwarf;
				ENABLE_STRICT_OBJC_MSGSEND = YES;
				ENABLE_TESTABILITY = YES;
				GCC_C_LANGUAGE_STANDARD = gnu11;
				GCC_DYNAMIC_NO_PIC = NO;
				GCC_NO_COMMON_BLOCKS = YES;
				GCC_OPTIMIZATION_LEVEL = 0;
				GCC_PREPROCESSOR_DEFINITIONS = (
					"DEBUG=1",
					"$(inherited)",
				);
				GCC_WARN_64_TO_32_BIT_CONVERSION = YES;
				GCC_WARN_ABOUT_RETURN_TYPE = YES_ERROR;
				GCC_WARN_UNDECLARED_SELECTOR = YES;
				GCC_WARN_UNINITIALIZED_AUTOS = YES_AGGRESSIVE;
				GCC_WARN_UNUSED_FUNCTION = YES;
				GCC_WARN_UNUSED_VARIABLE = YES;
				IPHONEOS_DEPLOYMENT_TARGET = 13.0;
				MTL_ENABLE_DEBUG_INFO = INCLUDE_SOURCE;
				MTL_FAST_MATH = YES;
				ONLY_ACTIVE_ARCH = YES;
				SDKROOT = iphoneos;
				SWIFT_ACTIVE_COMPILATION_CONDITIONS = DEBUG;
				SWIFT_OPTIMIZATION_LEVEL = "-Onone";
			};
			name = Debug;
		};
		A4652DE82346609D0027F259 /* Release */ = {
			isa = XCBuildConfiguration;
			buildSettings = {
				ALWAYS_SEARCH_USER_PATHS = NO;
				CLANG_ANALYZER_NONNULL = YES;
				CLANG_ANALYZER_NUMBER_OBJECT_CONVERSION = YES_AGGRESSIVE;
				CLANG_CXX_LANGUAGE_STANDARD = "gnu++14";
				CLANG_CXX_LIBRARY = "libc++";
				CLANG_ENABLE_MODULES = YES;
				CLANG_ENABLE_OBJC_ARC = YES;
				CLANG_ENABLE_OBJC_WEAK = YES;
				CLANG_WARN_BLOCK_CAPTURE_AUTORELEASING = YES;
				CLANG_WARN_BOOL_CONVERSION = YES;
				CLANG_WARN_COMMA = YES;
				CLANG_WARN_CONSTANT_CONVERSION = YES;
				CLANG_WARN_DEPRECATED_OBJC_IMPLEMENTATIONS = YES;
				CLANG_WARN_DIRECT_OBJC_ISA_USAGE = YES_ERROR;
				CLANG_WARN_DOCUMENTATION_COMMENTS = YES;
				CLANG_WARN_EMPTY_BODY = YES;
				CLANG_WARN_ENUM_CONVERSION = YES;
				CLANG_WARN_INFINITE_RECURSION = YES;
				CLANG_WARN_INT_CONVERSION = YES;
				CLANG_WARN_NON_LITERAL_NULL_CONVERSION = YES;
				CLANG_WARN_OBJC_IMPLICIT_RETAIN_SELF = YES;
				CLANG_WARN_OBJC_LITERAL_CONVERSION = YES;
				CLANG_WARN_OBJC_ROOT_CLASS = YES_ERROR;
				CLANG_WARN_RANGE_LOOP_ANALYSIS = YES;
				CLANG_WARN_STRICT_PROTOTYPES = YES;
				CLANG_WARN_SUSPICIOUS_MOVE = YES;
				CLANG_WARN_UNGUARDED_AVAILABILITY = YES_AGGRESSIVE;
				CLANG_WARN_UNREACHABLE_CODE = YES;
				CLANG_WARN__DUPLICATE_METHOD_MATCH = YES;
				COPY_PHASE_STRIP = NO;
				DEBUG_INFORMATION_FORMAT = "dwarf-with-dsym";
				ENABLE_NS_ASSERTIONS = NO;
				ENABLE_STRICT_OBJC_MSGSEND = YES;
				GCC_C_LANGUAGE_STANDARD = gnu11;
				GCC_NO_COMMON_BLOCKS = YES;
				GCC_WARN_64_TO_32_BIT_CONVERSION = YES;
				GCC_WARN_ABOUT_RETURN_TYPE = YES_ERROR;
				GCC_WARN_UNDECLARED_SELECTOR = YES;
				GCC_WARN_UNINITIALIZED_AUTOS = YES_AGGRESSIVE;
				GCC_WARN_UNUSED_FUNCTION = YES;
				GCC_WARN_UNUSED_VARIABLE = YES;
				IPHONEOS_DEPLOYMENT_TARGET = 13.0;
				MTL_ENABLE_DEBUG_INFO = NO;
				MTL_FAST_MATH = YES;
				SDKROOT = iphoneos;
				SWIFT_COMPILATION_MODE = wholemodule;
				SWIFT_OPTIMIZATION_LEVEL = "-O";
				VALIDATE_PRODUCT = YES;
			};
			name = Release;
		};
		A4652DEA2346609D0027F259 /* Debug */ = {
			isa = XCBuildConfiguration;
			buildSettings = {
				ASSETCATALOG_COMPILER_APPICON_NAME = AppIcon;
				CODE_SIGN_STYLE = Automatic;
				DEVELOPMENT_TEAM = 3H798M6N3T;
				INFOPLIST_FILE = Delegate_Example_1/Info.plist;
				LD_RUNPATH_SEARCH_PATHS = (
					"$(inherited)",
					"@executable_path/Frameworks",
				);
				PRODUCT_BUNDLE_IDENTIFIER = "com.LucasCosta.Delegate-Example-1";
				PRODUCT_NAME = "$(TARGET_NAME)";
				SWIFT_VERSION = 5.0;
				TARGETED_DEVICE_FAMILY = "1,2";
			};
			name = Debug;
		};
		A4652DEB2346609D0027F259 /* Release */ = {
			isa = XCBuildConfiguration;
			buildSettings = {
				ASSETCATALOG_COMPILER_APPICON_NAME = AppIcon;
				CODE_SIGN_STYLE = Automatic;
				DEVELOPMENT_TEAM = 3H798M6N3T;
				INFOPLIST_FILE = Delegate_Example_1/Info.plist;
				LD_RUNPATH_SEARCH_PATHS = (
					"$(inherited)",
					"@executable_path/Frameworks",
				);
				PRODUCT_BUNDLE_IDENTIFIER = "com.LucasCosta.Delegate-Example-1";
				PRODUCT_NAME = "$(TARGET_NAME)";
				SWIFT_VERSION = 5.0;
				TARGETED_DEVICE_FAMILY = "1,2";
			};
			name = Release;
		};
/* End XCBuildConfiguration section */

/* Begin XCConfigurationList section */
		A4652DD02346609C0027F259 /* Build configuration list for PBXProject "Delegate_Example_1" */ = {
			isa = XCConfigurationList;
			buildConfigurations = (
				A4652DE72346609D0027F259 /* Debug */,
				A4652DE82346609D0027F259 /* Release */,
			);
			defaultConfigurationIsVisible = 0;
			defaultConfigurationName = Release;
		};
		A4652DE92346609D0027F259 /* Build configuration list for PBXNativeTarget "Delegate_Example_1" */ = {
			isa = XCConfigurationList;
			buildConfigurations = (
				A4652DEA2346609D0027F259 /* Debug */,
				A4652DEB2346609D0027F259 /* Release */,
			);
			defaultConfigurationIsVisible = 0;
			defaultConfigurationName = Release;
		};
/* End XCConfigurationList section */
	};
	rootObject = A4652DCD2346609C0027F259 /* Project object */;
}
